PODS:
  - FawryPaySDK_AVL (0.3.9009):
    - IQKeyboardManagerSwift (~> 6.5.11)
    - MBRadioButton (~> 1.4)
    - SDWebImage
    - SwiftMessages (~> 9.0.6)
  - IQKeyboardManagerSwift (6.5.16)
  - MBRadioButton (1.4)
  - SDWebImage (5.19.4):
    - SDWebImage/Core (= 5.19.4)
  - SDWebImage/Core (5.19.4)
  - SwiftMessages (9.0.9):
    - SwiftMessages/App (= 9.0.9)
  - SwiftMessages/App (9.0.9)

DEPENDENCIES:
  - FawryPaySDK_AVL (= 0.3.9009)

SPEC REPOS:
  trunk:
    - FawryPaySDK_AVL
    - IQKeyboardManagerSwift
    - MBRadioButton
    - SDWebImage
    - SwiftMessages

SPEC CHECKSUMS:
  FawryPaySDK_AVL: 2351eaccf050d7a0814238358388446406702bed
  IQKeyboardManagerSwift: 12d89768845bb77b55cc092ecc2b1f9370f06b76
  MBRadioButton: dcf111c9bb633d4cf6e83200d804af6e025033c8
  SDWebImage: 066c47b573f408f18caa467d71deace7c0f8280d
  SwiftMessages: 1a23aef303fa7bb26ad802880746cf8358e378fe

PODFILE CHECKSUM: 3d9a044234798387e19e696b16cc2563667c9f59

COCOAPODS: 1.15.2
